
Microsoft Visual Studio Solution File, Format Version 12.00
# Visual Studio 14
VisualStudioVersion = 14.0.25420.1
MinimumVisualStudioVersion = 10.0.40219.1
Project("{FAE04EC0-301F-11D3-BF4B-00C04F79EFBC}") = "TestForNCR", "NCR\TestForNCR.csproj", "{66A9CC81-A8A8-4420-A794-E852608F37A2}"
EndProject
Project("{FAE04EC0-301F-11D3-BF4B-00C04F79EFBC}") = "DuplicateSets", "DuplicateSets\DuplicateSets.csproj", "{89D1982C-25CA-4413-A29E-D8B8B171E4F7}"
EndProject
Project("{FAE04EC0-301F-11D3-BF4B-00C04F79EFBC}") = "UnitTests", "UnitTests\UnitTests.csproj", "{8FE4DAFA-AF90-430F-8550-5E115AFD25B2}"
EndProject
Global
	GlobalSection(SolutionConfigurationPlatforms) = preSolution
		Debug|Any CPU = Debug|Any CPU
		Release|Any CPU = Release|Any CPU
	EndGlobalSection
	GlobalSection(ProjectConfigurationPlatforms) = postSolution
		{66A9CC81-A8A8-4420-A794-E852608F37A2}.Debug|Any CPU.ActiveCfg = Debug|Any CPU
		{66A9CC81-A8A8-4420-A794-E852608F37A2}.Debug|Any CPU.Build.0 = Debug|Any CPU
		{66A9CC81-A8A8-4420-A794-E852608F37A2}.Release|Any CPU.ActiveCfg = Release|Any CPU
		{66A9CC81-A8A8-4420-A794-E852608F37A2}.Release|Any CPU.Build.0 = Release|Any CPU
		{89D1982C-25CA-4413-A29E-D8B8B171E4F7}.Debug|Any CPU.ActiveCfg = Debug|Any CPU
		{89D1982C-25CA-4413-A29E-D8B8B171E4F7}.Debug|Any CPU.Build.0 = Debug|Any CPU
		{89D1982C-25CA-4413-A29E-D8B8B171E4F7}.Release|Any CPU.ActiveCfg = Release|Any CPU
		{89D1982C-25CA-4413-A29E-D8B8B171E4F7}.Release|Any CPU.Build.0 = Release|Any CPU
		{8FE4DAFA-AF90-430F-8550-5E115AFD25B2}.Debug|Any CPU.ActiveCfg = Debug|Any CPU
		{8FE4DAFA-AF90-430F-8550-5E115AFD25B2}.Debug|Any CPU.Build.0 = Debug|Any CPU
		{8FE4DAFA-AF90-430F-8550-5E115AFD25B2}.Release|Any CPU.ActiveCfg = Release|Any CPU
		{8FE4DAFA-AF90-430F-8550-5E115AFD25B2}.Release|Any CPU.Build.0 = Release|Any CPU
	EndGlobalSection
	GlobalSection(SolutionProperties) = preSolution
		HideSolutionNode = FALSE
	EndGlobalSection
EndGlobal
